<?xml version="1.0" encoding="utf-8"?>
<Project ToolsVersion="4.0" xmlns="http://schemas.microsoft.com/developer/msbuild/2003">
  <ItemGroup>
    <ClCompile Include="..\Exercise4\Exercise4\GlutExaminer.cc">
      <Filter>Source Files</Filter>
    </ClCompile>
    <ClCompile Include="..\Exercise4\Exercise4\GlutViewer.cc">
      <Filter>Source Files</Filter>
    </ClCompile>
    <ClCompile Include="..\Exercise4\Exercise4\MeshViewer.cc">
      <Filter>Source Files</Filter>
    </ClCompile>
    <ClCompile Include="..\Exercise4\Exercise4\QualityViewer.cc">
      <Filter>Source Files</Filter>
    </ClCompile>
    <ClCompile Include="..\Exercise4\Exercise4\smoother.cc">
      <Filter>Source Files</Filter>
    </ClCompile>
    <ClCompile Include="..\Exercise4\Exercise4\SmoothingViewer.cc">
      <Filter>Source Files</Filter>
    </ClCompile>
  </ItemGroup>
  <ItemGroup>
    <ClInclude Include="..\Exercise4\Exercise4\gl.hh">
      <Filter>Header Files</Filter>
    </ClInclude>
    <ClInclude Include="..\Exercise4\Exercise4\GlutExaminer.hh">
      <Filter>Header Files</Filter>
    </ClInclude>
    <ClInclude Include="..\Exercise4\Exercise4\GlutViewer.hh">
      <Filter>Header Files</Filter>
    </ClInclude>
    <ClInclude Include="..\Exercise4\Exercise4\MeshViewer.hh">
      <Filter>Header Files</Filter>
    </ClInclude>
    <ClInclude Include="..\Exercise4\Exercise4\QualityViewer.hh">
      <Filter>Header Files</Filter>
    </ClInclude>
    <ClInclude Include="..\Exercise4\Exercise4\SmoothingViewer.hh">
      <Filter>Header Files</Filter>
    </ClInclude>
  </ItemGroup>
  <ItemGroup>
    <CustomBuild Include="..\Exercise4\Exercise4\CMakeLists.txt" />
  </ItemGroup>
  <ItemGroup>
    <Filter Include="Source Files">
      <UniqueIdentifier>{AA507901-9A54-4A0D-BF86-A736DF6AF447}</UniqueIdentifier>
    </Filter>
    <Filter Include="Header Files">
      <UniqueIdentifier>{0E989C35-8932-40BE-91BD-9257FF2D7686}</UniqueIdentifier>
    </Filter>
  </ItemGroup>
</Project>
