<?xml version="1.0" encoding="utf-8"?>
<Project ToolsVersion="4.0" xmlns="http://schemas.microsoft.com/developer/msbuild/2003">
  <ItemGroup>
    <ClCompile Include="..\Exercise2\Exercise2\ANN\ANN.cpp">
      <Filter>Source Files</Filter>
    </ClCompile>
    <ClCompile Include="..\Exercise2\Exercise2\ANN\bd_fix_rad_search.cpp">
      <Filter>Source Files</Filter>
    </ClCompile>
    <ClCompile Include="..\Exercise2\Exercise2\ANN\bd_pr_search.cpp">
      <Filter>Source Files</Filter>
    </ClCompile>
    <ClCompile Include="..\Exercise2\Exercise2\ANN\bd_search.cpp">
      <Filter>Source Files</Filter>
    </ClCompile>
    <ClCompile Include="..\Exercise2\Exercise2\ANN\bd_tree.cpp">
      <Filter>Source Files</Filter>
    </ClCompile>
    <ClCompile Include="..\Exercise2\Exercise2\ANN\brute.cpp">
      <Filter>Source Files</Filter>
    </ClCompile>
    <ClCompile Include="..\Exercise2\Exercise2\ANN\kd_dump.cpp">
      <Filter>Source Files</Filter>
    </ClCompile>
    <ClCompile Include="..\Exercise2\Exercise2\ANN\kd_fix_rad_search.cpp">
      <Filter>Source Files</Filter>
    </ClCompile>
    <ClCompile Include="..\Exercise2\Exercise2\ANN\kd_pr_search.cpp">
      <Filter>Source Files</Filter>
    </ClCompile>
    <ClCompile Include="..\Exercise2\Exercise2\ANN\kd_search.cpp">
      <Filter>Source Files</Filter>
    </ClCompile>
    <ClCompile Include="..\Exercise2\Exercise2\ANN\kd_split.cpp">
      <Filter>Source Files</Filter>
    </ClCompile>
    <ClCompile Include="..\Exercise2\Exercise2\ANN\kd_tree.cpp">
      <Filter>Source Files</Filter>
    </ClCompile>
    <ClCompile Include="..\Exercise2\Exercise2\ANN\kd_util.cpp">
      <Filter>Source Files</Filter>
    </ClCompile>
    <ClCompile Include="..\Exercise2\Exercise2\ANN\perf.cpp">
      <Filter>Source Files</Filter>
    </ClCompile>
  </ItemGroup>
  <ItemGroup>
    <ClInclude Include="..\Exercise2\Exercise2\ANN\ANN.h">
      <Filter>Header Files</Filter>
    </ClInclude>
    <ClInclude Include="..\Exercise2\Exercise2\ANN\ANNperf.h">
      <Filter>Header Files</Filter>
    </ClInclude>
    <ClInclude Include="..\Exercise2\Exercise2\ANN\ANNx.h">
      <Filter>Header Files</Filter>
    </ClInclude>
    <ClInclude Include="..\Exercise2\Exercise2\ANN\bd_tree.h">
      <Filter>Header Files</Filter>
    </ClInclude>
    <ClInclude Include="..\Exercise2\Exercise2\ANN\kd_fix_rad_search.h">
      <Filter>Header Files</Filter>
    </ClInclude>
    <ClInclude Include="..\Exercise2\Exercise2\ANN\kd_pr_search.h">
      <Filter>Header Files</Filter>
    </ClInclude>
    <ClInclude Include="..\Exercise2\Exercise2\ANN\kd_search.h">
      <Filter>Header Files</Filter>
    </ClInclude>
    <ClInclude Include="..\Exercise2\Exercise2\ANN\kd_split.h">
      <Filter>Header Files</Filter>
    </ClInclude>
    <ClInclude Include="..\Exercise2\Exercise2\ANN\kd_tree.h">
      <Filter>Header Files</Filter>
    </ClInclude>
    <ClInclude Include="..\Exercise2\Exercise2\ANN\kd_util.h">
      <Filter>Header Files</Filter>
    </ClInclude>
    <ClInclude Include="..\Exercise2\Exercise2\ANN\pr_queue.h">
      <Filter>Header Files</Filter>
    </ClInclude>
    <ClInclude Include="..\Exercise2\Exercise2\ANN\pr_queue_k.h">
      <Filter>Header Files</Filter>
    </ClInclude>
  </ItemGroup>
  <ItemGroup>
    <CustomBuild Include="..\Exercise2\Exercise2\CMakeLists.txt" />
  </ItemGroup>
  <ItemGroup>
    <Filter Include="Source Files">
      <UniqueIdentifier>{C72DF979-82F6-48F8-8559-6D19CCEC16C8}</UniqueIdentifier>
    </Filter>
    <Filter Include="Header Files">
      <UniqueIdentifier>{983A1A44-3CFF-4EF0-AFBA-19B1F5DB3DA2}</UniqueIdentifier>
    </Filter>
  </ItemGroup>
</Project>
