<?xml version="1.0" encoding="utf-8"?>
<Project ToolsVersion="4.0" xmlns="http://schemas.microsoft.com/developer/msbuild/2003">
  <ItemGroup>
    <ClCompile Include="..\viewer\GlutExaminer.cc">
      <Filter>Source Files</Filter>
    </ClCompile>
    <ClCompile Include="..\viewer\GlutViewer.cc">
      <Filter>Source Files</Filter>
    </ClCompile>
    <ClCompile Include="..\viewer\MeshViewer.cc">
      <Filter>Source Files</Filter>
    </ClCompile>
    <ClCompile Include="..\viewer\QualityViewer.cc">
      <Filter>Source Files</Filter>
    </ClCompile>
    <ClCompile Include="..\viewer\viewer.cc">
      <Filter>Source Files</Filter>
    </ClCompile>
  </ItemGroup>
  <ItemGroup>
    <ClInclude Include="..\viewer\gl.hh">
      <Filter>Header Files</Filter>
    </ClInclude>
    <ClInclude Include="..\viewer\GlutExaminer.hh">
      <Filter>Header Files</Filter>
    </ClInclude>
    <ClInclude Include="..\viewer\GlutViewer.hh">
      <Filter>Header Files</Filter>
    </ClInclude>
    <ClInclude Include="..\viewer\MeshViewer.hh">
      <Filter>Header Files</Filter>
    </ClInclude>
    <ClInclude Include="..\viewer\QualityViewer.hh">
      <Filter>Header Files</Filter>
    </ClInclude>
  </ItemGroup>
  <ItemGroup>
    <CustomBuild Include="..\CMakeLists.txt" />
  </ItemGroup>
  <ItemGroup>
    <Filter Include="Source Files">
      <UniqueIdentifier>{C2EB84C5-2399-45F3-BA2D-B6A29AB9EC61}</UniqueIdentifier>
    </Filter>
    <Filter Include="Header Files">
      <UniqueIdentifier>{CE6F6BA3-A24D-4FF4-9838-54EE4DE71C60}</UniqueIdentifier>
    </Filter>
  </ItemGroup>
</Project>
