<?xml version="1.0" encoding="utf-8"?>
<Project ToolsVersion="4.0" xmlns="http://schemas.microsoft.com/developer/msbuild/2003">
  <ItemGroup>
    <CustomBuild Include="..\exercise1\CMakeLists.txt" />
    <CustomBuild Include="CMakeFiles\538438c65313d6890810ecd76350f9a7\ALL_BUILD.rule">
      <Filter>CMake Rules</Filter>
    </CustomBuild>
  </ItemGroup>
  <ItemGroup>
    <None Include="CMakeFiles\ALL_BUILD" />
  </ItemGroup>
  <ItemGroup>
    <Filter Include="CMake Rules">
      <UniqueIdentifier>{D0AE6560-376A-4F8A-AF13-A43190FDC5F2}</UniqueIdentifier>
    </Filter>
  </ItemGroup>
</Project>
