Microsoft Visual Studio Solution File, Format Version 11.00
# Visual Studio 2010
Project("{8BC9CEB8-8B4A-11D0-8D11-00A0C91BC942}") = "ALL_BUILD", "ALL_BUILD.vcxproj", "{7A371370-D958-4C8D-B849-05FA8E9A173B}"
	ProjectSection(ProjectDependencies) = postProject
		{A719F619-7DB2-43D5-BF76-37D52CC259D6} = {A719F619-7DB2-43D5-BF76-37D52CC259D6}
		{189C630E-8163-4943-9990-475CC80D26B7} = {189C630E-8163-4943-9990-475CC80D26B7}
	EndProjectSection
EndProject
Project("{8BC9CEB8-8B4A-11D0-8D11-00A0C91BC942}") = "ZERO_CHECK", "ZERO_CHECK.vcxproj", "{A719F619-7DB2-43D5-BF76-37D52CC259D6}"
	ProjectSection(ProjectDependencies) = postProject
	EndProjectSection
EndProject
Project("{8BC9CEB8-8B4A-11D0-8D11-00A0C91BC942}") = "exercise1", "exercise1.vcxproj", "{189C630E-8163-4943-9990-475CC80D26B7}"
	ProjectSection(ProjectDependencies) = postProject
		{A719F619-7DB2-43D5-BF76-37D52CC259D6} = {A719F619-7DB2-43D5-BF76-37D52CC259D6}
	EndProjectSection
EndProject
Global
	GlobalSection(SolutionConfigurationPlatforms) = preSolution
		Debug|Win32 = Debug|Win32
		Release|Win32 = Release|Win32
		MinSizeRel|Win32 = MinSizeRel|Win32
		RelWithDebInfo|Win32 = RelWithDebInfo|Win32
	EndGlobalSection
	GlobalSection(ProjectConfigurationPlatforms) = postSolution
		{7A371370-D958-4C8D-B849-05FA8E9A173B}.Debug|Win32.ActiveCfg = Debug|Win32
		{7A371370-D958-4C8D-B849-05FA8E9A173B}.Release|Win32.ActiveCfg = Release|Win32
		{7A371370-D958-4C8D-B849-05FA8E9A173B}.MinSizeRel|Win32.ActiveCfg = MinSizeRel|Win32
		{7A371370-D958-4C8D-B849-05FA8E9A173B}.RelWithDebInfo|Win32.ActiveCfg = RelWithDebInfo|Win32
		{A719F619-7DB2-43D5-BF76-37D52CC259D6}.Debug|Win32.ActiveCfg = Debug|Win32
		{A719F619-7DB2-43D5-BF76-37D52CC259D6}.Debug|Win32.Build.0 = Debug|Win32
		{A719F619-7DB2-43D5-BF76-37D52CC259D6}.Release|Win32.ActiveCfg = Release|Win32
		{A719F619-7DB2-43D5-BF76-37D52CC259D6}.Release|Win32.Build.0 = Release|Win32
		{A719F619-7DB2-43D5-BF76-37D52CC259D6}.MinSizeRel|Win32.ActiveCfg = MinSizeRel|Win32
		{A719F619-7DB2-43D5-BF76-37D52CC259D6}.MinSizeRel|Win32.Build.0 = MinSizeRel|Win32
		{A719F619-7DB2-43D5-BF76-37D52CC259D6}.RelWithDebInfo|Win32.ActiveCfg = RelWithDebInfo|Win32
		{A719F619-7DB2-43D5-BF76-37D52CC259D6}.RelWithDebInfo|Win32.Build.0 = RelWithDebInfo|Win32
		{189C630E-8163-4943-9990-475CC80D26B7}.Debug|Win32.ActiveCfg = Debug|Win32
		{189C630E-8163-4943-9990-475CC80D26B7}.Debug|Win32.Build.0 = Debug|Win32
		{189C630E-8163-4943-9990-475CC80D26B7}.Release|Win32.ActiveCfg = Release|Win32
		{189C630E-8163-4943-9990-475CC80D26B7}.Release|Win32.Build.0 = Release|Win32
		{189C630E-8163-4943-9990-475CC80D26B7}.MinSizeRel|Win32.ActiveCfg = MinSizeRel|Win32
		{189C630E-8163-4943-9990-475CC80D26B7}.MinSizeRel|Win32.Build.0 = MinSizeRel|Win32
		{189C630E-8163-4943-9990-475CC80D26B7}.RelWithDebInfo|Win32.ActiveCfg = RelWithDebInfo|Win32
		{189C630E-8163-4943-9990-475CC80D26B7}.RelWithDebInfo|Win32.Build.0 = RelWithDebInfo|Win32
	EndGlobalSection
	GlobalSection(ExtensibilityGlobals) = postSolution
	EndGlobalSection
	GlobalSection(ExtensibilityAddIns) = postSolution
	EndGlobalSection
EndGlobal
