<?xml version="1.0" encoding="utf-8"?>
<Project ToolsVersion="4.0" xmlns="http://schemas.microsoft.com/developer/msbuild/2003">
  <ItemGroup>
    <ClCompile Include="..\exercise1\GlutExaminer.cc">
      <Filter>Source Files</Filter>
    </ClCompile>
    <ClCompile Include="..\exercise1\GlutViewer.cc">
      <Filter>Source Files</Filter>
    </ClCompile>
    <ClCompile Include="..\exercise1\MeshViewer.cc">
      <Filter>Source Files</Filter>
    </ClCompile>
    <ClCompile Include="..\exercise1\valenceview.cc">
      <Filter>Source Files</Filter>
    </ClCompile>
    <ClCompile Include="..\exercise1\ValenceViewer.cc">
      <Filter>Source Files</Filter>
    </ClCompile>
  </ItemGroup>
  <ItemGroup>
    <ClInclude Include="..\exercise1\gl.hh">
      <Filter>Header Files</Filter>
    </ClInclude>
    <ClInclude Include="..\exercise1\GlutExaminer.hh">
      <Filter>Header Files</Filter>
    </ClInclude>
    <ClInclude Include="..\exercise1\GlutViewer.hh">
      <Filter>Header Files</Filter>
    </ClInclude>
    <ClInclude Include="..\exercise1\MeshViewer.hh">
      <Filter>Header Files</Filter>
    </ClInclude>
    <ClInclude Include="..\exercise1\ValenceViewer.hh">
      <Filter>Header Files</Filter>
    </ClInclude>
  </ItemGroup>
  <ItemGroup>
    <CustomBuild Include="..\exercise1\CMakeLists.txt" />
  </ItemGroup>
  <ItemGroup>
    <Filter Include="Source Files">
      <UniqueIdentifier>{F270DA12-6E1F-4207-A162-4FB448B04B75}</UniqueIdentifier>
    </Filter>
    <Filter Include="Header Files">
      <UniqueIdentifier>{CF0671FE-FA3B-4928-8148-7E8DE303EF87}</UniqueIdentifier>
    </Filter>
  </ItemGroup>
</Project>
