<?xml version="1.0" encoding="utf-8"?>
<Project ToolsVersion="4.0" xmlns="http://schemas.microsoft.com/developer/msbuild/2003">
  <ItemGroup>
    <ClCompile Include="deform.cc">
      <Filter>Source Files</Filter>
    </ClCompile>
    <ClCompile Include="DeformationViewer.cc">
      <Filter>Source Files</Filter>
    </ClCompile>
    <ClCompile Include="GlutExaminer.cc">
      <Filter>Source Files</Filter>
    </ClCompile>
    <ClCompile Include="GlutViewer.cc">
      <Filter>Source Files</Filter>
    </ClCompile>
    <ClCompile Include="MeshViewer.cc">
      <Filter>Source Files</Filter>
    </ClCompile>
    <ClCompile Include="correspondance.cpp">
      <Filter>Source Files</Filter>
    </ClCompile>
    <ClCompile Include="Matrix.cpp">
      <Filter>Source Files</Filter>
    </ClCompile>
    <ClCompile Include="deformationTransfer.cpp">
      <Filter>Source Files</Filter>
    </ClCompile>
  </ItemGroup>
  <ItemGroup>
    <ClInclude Include="DeformationViewer.hh">
      <Filter>Header Files</Filter>
    </ClInclude>
    <ClInclude Include="gl.hh">
      <Filter>Header Files</Filter>
    </ClInclude>
    <ClInclude Include="GlutExaminer.hh">
      <Filter>Header Files</Filter>
    </ClInclude>
    <ClInclude Include="GlutViewer.hh">
      <Filter>Header Files</Filter>
    </ClInclude>
    <ClInclude Include="MeshViewer.hh">
      <Filter>Header Files</Filter>
    </ClInclude>
    <ClInclude Include="correspondance.hh">
      <Filter>Header Files</Filter>
    </ClInclude>
    <ClInclude Include="Matrix.hh">
      <Filter>Header Files</Filter>
    </ClInclude>
  </ItemGroup>
  <ItemGroup>
    <CustomBuild Include="CMakeLists.txt" />
  </ItemGroup>
  <ItemGroup>
    <Filter Include="Source Files">
      <UniqueIdentifier>{A8817A73-892B-4A19-BE4F-599C880D6057}</UniqueIdentifier>
    </Filter>
    <Filter Include="Header Files">
      <UniqueIdentifier>{17F55A71-01AE-4C7C-9EC2-3EB1AB7DE287}</UniqueIdentifier>
    </Filter>
  </ItemGroup>
  <ItemGroup>
    <None Include="deformationTransfer.hh">
      <Filter>Header Files</Filter>
    </None>
  </ItemGroup>
</Project>